
Microsoft Visual Studio Solution File, Format Version 12.00
# Visual Studio Version 18
VisualStudioVersion = 18.5.11709.299 stable
MinimumVisualStudioVersion = 10.0.40219.1
Project("{FAE04EC0-301F-11D3-BF4B-00C04F79EFBC}") = "AppRecria.API", "AppRecria.API.csproj", "{F4823970-A760-357D-1CC1-A128FB56B233}"
EndProject
Global
	GlobalSection(SolutionConfigurationPlatforms) = preSolution
		Debug|Any CPU = Debug|Any CPU
		Release|Any CPU = Release|Any CPU
	EndGlobalSection
	GlobalSection(ProjectConfigurationPlatforms) = postSolution
		{F4823970-A760-357D-1CC1-A128FB56B233}.Debug|Any CPU.ActiveCfg = Debug|Any CPU
		{F4823970-A760-357D-1CC1-A128FB56B233}.Debug|Any CPU.Build.0 = Debug|Any CPU
		{F4823970-A760-357D-1CC1-A128FB56B233}.Release|Any CPU.ActiveCfg = Release|Any CPU
		{F4823970-A760-357D-1CC1-A128FB56B233}.Release|Any CPU.Build.0 = Release|Any CPU
	EndGlobalSection
	GlobalSection(SolutionProperties) = preSolution
		HideSolutionNode = FALSE
	EndGlobalSection
	GlobalSection(ExtensibilityGlobals) = postSolution
		SolutionGuid = {32EF11D0-24C0-4595-A8FB-C2C294B526C6}
	EndGlobalSection
EndGlobal
